
Microsoft Visual Studio Solution File, Format Version 12.00
Project("{FAE04EC0-301F-11D3-BF4B-00C04F79EFBC}") = "URLShortener.Domain", "URLShortener.Domain\URLShortener.Domain.csproj", "{AAA29F90-F84F-4239-AD35-E4864E829216}"
EndProject
Project("{FAE04EC0-301F-11D3-BF4B-00C04F79EFBC}") = "URLShortener.Data", "URLShortener.Data\URLShortener.Data.csproj", "{15B8DC3A-053F-4994-8869-9C40A6C4994F}"
EndProject
Project("{FAE04EC0-301F-11D3-BF4B-00C04F79EFBC}") = "URLShortener.Tests", "URLShortener.Tests\URLShortener.Tests.csproj", "{6EF5E0A1-7DD5-44ED-8883-A82CD02C2526}"
EndProject
Project("{FAE04EC0-301F-11D3-BF4B-00C04F79EFBC}") = "URLShortener.Services", "URLShortener.Services\URLShortener.Services.csproj", "{1EE1BFAF-5337-4AF1-8D3A-C49529626E31}"
EndProject
Global
	GlobalSection(SolutionConfigurationPlatforms) = preSolution
		Debug|Any CPU = Debug|Any CPU
		Release|Any CPU = Release|Any CPU
	EndGlobalSection
	GlobalSection(ProjectConfigurationPlatforms) = postSolution
		{AAA29F90-F84F-4239-AD35-E4864E829216}.Debug|Any CPU.ActiveCfg = Debug|Any CPU
		{AAA29F90-F84F-4239-AD35-E4864E829216}.Debug|Any CPU.Build.0 = Debug|Any CPU
		{AAA29F90-F84F-4239-AD35-E4864E829216}.Release|Any CPU.ActiveCfg = Release|Any CPU
		{AAA29F90-F84F-4239-AD35-E4864E829216}.Release|Any CPU.Build.0 = Release|Any CPU
		{15B8DC3A-053F-4994-8869-9C40A6C4994F}.Debug|Any CPU.ActiveCfg = Debug|Any CPU
		{15B8DC3A-053F-4994-8869-9C40A6C4994F}.Debug|Any CPU.Build.0 = Debug|Any CPU
		{15B8DC3A-053F-4994-8869-9C40A6C4994F}.Release|Any CPU.ActiveCfg = Release|Any CPU
		{15B8DC3A-053F-4994-8869-9C40A6C4994F}.Release|Any CPU.Build.0 = Release|Any CPU
		{6EF5E0A1-7DD5-44ED-8883-A82CD02C2526}.Debug|Any CPU.ActiveCfg = Debug|Any CPU
		{6EF5E0A1-7DD5-44ED-8883-A82CD02C2526}.Debug|Any CPU.Build.0 = Debug|Any CPU
		{6EF5E0A1-7DD5-44ED-8883-A82CD02C2526}.Release|Any CPU.ActiveCfg = Release|Any CPU
		{6EF5E0A1-7DD5-44ED-8883-A82CD02C2526}.Release|Any CPU.Build.0 = Release|Any CPU
		{1EE1BFAF-5337-4AF1-8D3A-C49529626E31}.Debug|Any CPU.ActiveCfg = Debug|Any CPU
		{1EE1BFAF-5337-4AF1-8D3A-C49529626E31}.Debug|Any CPU.Build.0 = Debug|Any CPU
		{1EE1BFAF-5337-4AF1-8D3A-C49529626E31}.Release|Any CPU.ActiveCfg = Release|Any CPU
		{1EE1BFAF-5337-4AF1-8D3A-C49529626E31}.Release|Any CPU.Build.0 = Release|Any CPU
	EndGlobalSection
EndGlobal
