
Microsoft Visual Studio Solution File, Format Version 12.00
Project("{FAE04EC0-301F-11D3-BF4B-00C04F79EFBC}") = "URLShortener.Shared", "URLShortener.Shared\URLShortener.Shared.csproj", "{AAA29F90-F84F-4239-AD35-E4864E829216}"
EndProject
Global
	GlobalSection(SolutionConfigurationPlatforms) = preSolution
		Debug|Any CPU = Debug|Any CPU
		Release|Any CPU = Release|Any CPU
	EndGlobalSection
	GlobalSection(ProjectConfigurationPlatforms) = postSolution
		{AAA29F90-F84F-4239-AD35-E4864E829216}.Debug|Any CPU.ActiveCfg = Debug|Any CPU
		{AAA29F90-F84F-4239-AD35-E4864E829216}.Debug|Any CPU.Build.0 = Debug|Any CPU
		{AAA29F90-F84F-4239-AD35-E4864E829216}.Release|Any CPU.ActiveCfg = Release|Any CPU
		{AAA29F90-F84F-4239-AD35-E4864E829216}.Release|Any CPU.Build.0 = Release|Any CPU
	EndGlobalSection
EndGlobal
