
Microsoft Visual Studio Solution File, Format Version 12.00
Project("{FAE04EC0-301F-11D3-BF4B-00C04F79EFBC}") = "URLShortener.Domain", "src\URLShortener.Domain\URLShortener.Domain.csproj", "{AAA29F90-F84F-4239-AD35-E4864E829216}"
EndProject
Project("{FAE04EC0-301F-11D3-BF4B-00C04F79EFBC}") = "URLShortener.Data", "src\URLShortener.Data\URLShortener.Data.csproj", "{15B8DC3A-053F-4994-8869-9C40A6C4994F}"
EndProject
Project("{FAE04EC0-301F-11D3-BF4B-00C04F79EFBC}") = "URLShortener.UnitTests", "tests\URLShortener.UnitTests\URLShortener.UnitTests.csproj", "{6EF5E0A1-7DD5-44ED-8883-A82CD02C2526}"
EndProject
Project("{FAE04EC0-301F-11D3-BF4B-00C04F79EFBC}") = "URLShortener.Services", "src\URLShortener.Services\URLShortener.Services.csproj", "{1EE1BFAF-5337-4AF1-8D3A-C49529626E31}"
EndProject
Project("{2150E333-8FDC-42A3-9474-1A3956D46DE8}") = "src", "src", "{9307764D-0D6B-486F-8CA9-D8D360454C53}"
EndProject
Project("{2150E333-8FDC-42A3-9474-1A3956D46DE8}") = "tests", "tests", "{13919973-0B60-4573-8B99-808CF13403F5}"
EndProject
Project("{FAE04EC0-301F-11D3-BF4B-00C04F79EFBC}") = "URLShortener.Shared", "src\URLShortener.Shared\URLShortener.Shared.csproj", "{B35A9EB4-F1BC-40B9-98C5-1D161453A07B}"
EndProject
Project("{FAE04EC0-301F-11D3-BF4B-00C04F79EFBC}") = "URLShortener.API", "src\URLShortener.API\URLShortener.API.csproj", "{3938CF35-8675-424B-99A6-6745FAC58D2E}"
EndProject
Global
	GlobalSection(SolutionConfigurationPlatforms) = preSolution
		Debug|Any CPU = Debug|Any CPU
		Release|Any CPU = Release|Any CPU
	EndGlobalSection
	GlobalSection(ProjectConfigurationPlatforms) = postSolution
		{AAA29F90-F84F-4239-AD35-E4864E829216}.Debug|Any CPU.ActiveCfg = Debug|Any CPU
		{AAA29F90-F84F-4239-AD35-E4864E829216}.Debug|Any CPU.Build.0 = Debug|Any CPU
		{AAA29F90-F84F-4239-AD35-E4864E829216}.Release|Any CPU.ActiveCfg = Release|Any CPU
		{AAA29F90-F84F-4239-AD35-E4864E829216}.Release|Any CPU.Build.0 = Release|Any CPU
		{15B8DC3A-053F-4994-8869-9C40A6C4994F}.Debug|Any CPU.ActiveCfg = Debug|Any CPU
		{15B8DC3A-053F-4994-8869-9C40A6C4994F}.Debug|Any CPU.Build.0 = Debug|Any CPU
		{15B8DC3A-053F-4994-8869-9C40A6C4994F}.Release|Any CPU.ActiveCfg = Release|Any CPU
		{15B8DC3A-053F-4994-8869-9C40A6C4994F}.Release|Any CPU.Build.0 = Release|Any CPU
		{6EF5E0A1-7DD5-44ED-8883-A82CD02C2526}.Debug|Any CPU.ActiveCfg = Debug|Any CPU
		{6EF5E0A1-7DD5-44ED-8883-A82CD02C2526}.Debug|Any CPU.Build.0 = Debug|Any CPU
		{6EF5E0A1-7DD5-44ED-8883-A82CD02C2526}.Release|Any CPU.ActiveCfg = Release|Any CPU
		{6EF5E0A1-7DD5-44ED-8883-A82CD02C2526}.Release|Any CPU.Build.0 = Release|Any CPU
		{1EE1BFAF-5337-4AF1-8D3A-C49529626E31}.Debug|Any CPU.ActiveCfg = Debug|Any CPU
		{1EE1BFAF-5337-4AF1-8D3A-C49529626E31}.Debug|Any CPU.Build.0 = Debug|Any CPU
		{1EE1BFAF-5337-4AF1-8D3A-C49529626E31}.Release|Any CPU.ActiveCfg = Release|Any CPU
		{1EE1BFAF-5337-4AF1-8D3A-C49529626E31}.Release|Any CPU.Build.0 = Release|Any CPU
		{B35A9EB4-F1BC-40B9-98C5-1D161453A07B}.Debug|Any CPU.ActiveCfg = Debug|Any CPU
		{B35A9EB4-F1BC-40B9-98C5-1D161453A07B}.Debug|Any CPU.Build.0 = Debug|Any CPU
		{B35A9EB4-F1BC-40B9-98C5-1D161453A07B}.Release|Any CPU.ActiveCfg = Release|Any CPU
		{B35A9EB4-F1BC-40B9-98C5-1D161453A07B}.Release|Any CPU.Build.0 = Release|Any CPU
		{3938CF35-8675-424B-99A6-6745FAC58D2E}.Debug|Any CPU.ActiveCfg = Debug|Any CPU
		{3938CF35-8675-424B-99A6-6745FAC58D2E}.Debug|Any CPU.Build.0 = Debug|Any CPU
		{3938CF35-8675-424B-99A6-6745FAC58D2E}.Release|Any CPU.ActiveCfg = Release|Any CPU
		{3938CF35-8675-424B-99A6-6745FAC58D2E}.Release|Any CPU.Build.0 = Release|Any CPU
	EndGlobalSection
	GlobalSection(NestedProjects) = preSolution
		{15B8DC3A-053F-4994-8869-9C40A6C4994F} = {9307764D-0D6B-486F-8CA9-D8D360454C53}
		{AAA29F90-F84F-4239-AD35-E4864E829216} = {9307764D-0D6B-486F-8CA9-D8D360454C53}
		{1EE1BFAF-5337-4AF1-8D3A-C49529626E31} = {9307764D-0D6B-486F-8CA9-D8D360454C53}
		{6EF5E0A1-7DD5-44ED-8883-A82CD02C2526} = {13919973-0B60-4573-8B99-808CF13403F5}
		{B35A9EB4-F1BC-40B9-98C5-1D161453A07B} = {9307764D-0D6B-486F-8CA9-D8D360454C53}
		{3938CF35-8675-424B-99A6-6745FAC58D2E} = {9307764D-0D6B-486F-8CA9-D8D360454C53}
	EndGlobalSection
EndGlobal
